// !$*UTF8*$!
{
	archiveVersion = 1;
	classes = {
	};
	objectVersion = 48;
	objects = {

/* Begin PBXBuildFile section */
		38184F352455E3C300FDF74B /* GoogleService-Info.plist in Resources */ = {isa = PBXBuildFile; fileRef = 38184F342455E3C300FDF74B /* GoogleService-Info.plist */; };
		38184F5F2456137C00FDF74B /* UserProfileViewController.swift in Sources */ = {isa = PBXBuildFile; fileRef = 38184F5E2456137C00FDF74B /* UserProfileViewController.swift */; };
		38184F6124561E7B00FDF74B /* TextfieldView.swift in Sources */ = {isa = PBXBuildFile; fileRef = 38184F6024561E7B00FDF74B /* TextfieldView.swift */; };
		38184F6424561F0600FDF74B /* UserProfileImageView.swift in Sources */ = {isa = PBXBuildFile; fileRef = 38184F6324561F0600FDF74B /* UserProfileImageView.swift */; };
		38184F66245624DE00FDF74B /* AccountManager.swift in Sources */ = {isa = PBXBuildFile; fileRef = 38184F65245624DE00FDF74B /* AccountManager.swift */; };
		38184F6824562B2D00FDF74B /* StorageManager.swift in Sources */ = {isa = PBXBuildFile; fileRef = 38184F6724562B2D00FDF74B /* StorageManager.swift */; };
		38184F6A2456386D00FDF74B /* Validator.swift in Sources */ = {isa = PBXBuildFile; fileRef = 38184F692456386D00FDF74B /* Validator.swift */; };
		38184F6C2456532E00FDF74B /* AuthManager.swift in Sources */ = {isa = PBXBuildFile; fileRef = 38184F6B2456532E00FDF74B /* AuthManager.swift */; };
		38184F6E24565ED600FDF74B /* DatabaseManager.swift in Sources */ = {isa = PBXBuildFile; fileRef = 38184F6D24565ED600FDF74B /* DatabaseManager.swift */; };
		38184F702457196500FDF74B /* Notification.Name.swift in Sources */ = {isa = PBXBuildFile; fileRef = 38184F6F2457196400FDF74B /* Notification.Name.swift */; };
		38A5A7CB245C84B400394FE3 /* MuseumResponse.swift in Sources */ = {isa = PBXBuildFile; fileRef = 38A5A7CA245C84B300394FE3 /* MuseumResponse.swift */; };
		38A5A7DD245C8D0D00394FE3 /* SearchTableViewController.swift in Sources */ = {isa = PBXBuildFile; fileRef = 38ADD317245B8AE100E746DE /* SearchTableViewController.swift */; };
		38A5A7DE245C8D1000394FE3 /* MainViewController.swift in Sources */ = {isa = PBXBuildFile; fileRef = 38ADD2FE245A43EA00E746DE /* MainViewController.swift */; };
		38A5A7E7245C901200394FE3 /* ChildVCState.swift in Sources */ = {isa = PBXBuildFile; fileRef = 38A5A7E6245C901200394FE3 /* ChildVCState.swift */; };
		38A5A7E9245C905200394FE3 /* BottomMenuBehavior.swift in Sources */ = {isa = PBXBuildFile; fileRef = 38A5A7E8245C905100394FE3 /* BottomMenuBehavior.swift */; };
		38A5A7EB245C919200394FE3 /* BottomMenuViewController.swift in Sources */ = {isa = PBXBuildFile; fileRef = 38A5A7EA245C919200394FE3 /* BottomMenuViewController.swift */; };
		38A5A7ED245C91D600394FE3 /* BottomMenuLayout.swift in Sources */ = {isa = PBXBuildFile; fileRef = 38A5A7EC245C91D600394FE3 /* BottomMenuLayout.swift */; };
		38A5A7F5245C945600394FE3 /* ApiClient.swift in Sources */ = {isa = PBXBuildFile; fileRef = 38A5A7F4245C945600394FE3 /* ApiClient.swift */; };
		38A5A7F9245C948F00394FE3 /* BaseError.swift in Sources */ = {isa = PBXBuildFile; fileRef = 38A5A7F8245C948F00394FE3 /* BaseError.swift */; };
		38A5A7FD245C953600394FE3 /* Endpoint.swift in Sources */ = {isa = PBXBuildFile; fileRef = 38A5A7FC245C953600394FE3 /* Endpoint.swift */; };
		38A5A805245C95F600394FE3 /* MuseumService.swift in Sources */ = {isa = PBXBuildFile; fileRef = 38A5A804245C95F600394FE3 /* MuseumService.swift */; };
		38A5A808245C968D00394FE3 /* MuseumEndpoint.swift in Sources */ = {isa = PBXBuildFile; fileRef = 38A5A807245C968D00394FE3 /* MuseumEndpoint.swift */; };
		38A5A80A245C973F00394FE3 /* ServiceLayer.swift in Sources */ = {isa = PBXBuildFile; fileRef = 38A5A809245C973F00394FE3 /* ServiceLayer.swift */; };
		38A5A80E245C98BD00394FE3 /* LocationHelper.swift in Sources */ = {isa = PBXBuildFile; fileRef = 38A5A80D245C98BD00394FE3 /* LocationHelper.swift */; };
		38A5A813245C993600394FE3 /* MuseumViewModel.swift in Sources */ = {isa = PBXBuildFile; fileRef = 38A5A812245C993600394FE3 /* MuseumViewModel.swift */; };
		38A5A81A245CB07700394FE3 /* NameHelper.swift in Sources */ = {isa = PBXBuildFile; fileRef = 38A5A819245CB07700394FE3 /* NameHelper.swift */; };
		38A5A81E245DBB2700394FE3 /* NewsCollectionViewCell.swift in Sources */ = {isa = PBXBuildFile; fileRef = 38A5A81D245DBB2700394FE3 /* NewsCollectionViewCell.swift */; };
		38A5A820245DBE7400394FE3 /* NewsViewController.swift in Sources */ = {isa = PBXBuildFile; fileRef = 38A5A81F245DBE7400394FE3 /* NewsViewController.swift */; };
		38A5A82B245DF27700394FE3 /* DateTableViewCell.swift in Sources */ = {isa = PBXBuildFile; fileRef = 38A5A82A245DF27700394FE3 /* DateTableViewCell.swift */; };
		38A5A82D245DF2FA00394FE3 /* CalendarViewController.swift in Sources */ = {isa = PBXBuildFile; fileRef = 38A5A82C245DF2FA00394FE3 /* CalendarViewController.swift */; };
		38A5A834245DFAD400394FE3 /* RequestTableViewController.swift in Sources */ = {isa = PBXBuildFile; fileRef = 38A5A833245DFAD400394FE3 /* RequestTableViewController.swift */; };
		38A5A837245E016500394FE3 /* MuseumRequestManager.swift in Sources */ = {isa = PBXBuildFile; fileRef = 38A5A836245E016500394FE3 /* MuseumRequestManager.swift */; };
		38A5A839245F068200394FE3 /* GuideRequest.swift in Sources */ = {isa = PBXBuildFile; fileRef = 38A5A838245F068200394FE3 /* GuideRequest.swift */; };
		38ADD2CE24575C3D00E746DE /* Login.storyboard in Resources */ = {isa = PBXBuildFile; fileRef = 38ADD2CD24575C3D00E746DE /* Login.storyboard */; };
		38ADD2D3245787A900E746DE /* RoundCornersButton.swift in Sources */ = {isa = PBXBuildFile; fileRef = 38ADD2D2245787A900E746DE /* RoundCornersButton.swift */; };
		38ADD2D62457929D00E746DE /* ActivityIndicator.swift in Sources */ = {isa = PBXBuildFile; fileRef = 38ADD2D52457929D00E746DE /* ActivityIndicator.swift */; };
		38ADD303245A50AD00E746DE /* VisualEffectsView.swift in Sources */ = {isa = PBXBuildFile; fileRef = 38ADD302245A50AD00E746DE /* VisualEffectsView.swift */; };
		38ADD305245A55FB00E746DE /* SearchCell.swift in Sources */ = {isa = PBXBuildFile; fileRef = 38ADD304245A55FB00E746DE /* SearchCell.swift */; };
		38ADD307245A566700E746DE /* UISearchView+extension.swift in Sources */ = {isa = PBXBuildFile; fileRef = 38ADD306245A566700E746DE /* UISearchView+extension.swift */; };
		38ADD309245A56AE00E746DE /* SearchHeaderView.swift in Sources */ = {isa = PBXBuildFile; fileRef = 38ADD308245A56AE00E746DE /* SearchHeaderView.swift */; };
		38ADD30D245A5B4700E746DE /* Launch Screen.storyboard in Resources */ = {isa = PBXBuildFile; fileRef = 38ADD30C245A5B4700E746DE /* Launch Screen.storyboard */; };
		38ADD312245B1A8D00E746DE /* User.swift in Sources */ = {isa = PBXBuildFile; fileRef = 38ADD311245B1A8D00E746DE /* User.swift */; };
		645D7898204344160093B00C /* AppDelegate.swift in Sources */ = {isa = PBXBuildFile; fileRef = 645D7897204344160093B00C /* AppDelegate.swift */; };
		645D789F204344160093B00C /* Assets.xcassets in Resources */ = {isa = PBXBuildFile; fileRef = 645D789E204344160093B00C /* Assets.xcassets */; };
		649F422020438D1B00B21997 /* LoginViewController.swift in Sources */ = {isa = PBXBuildFile; fileRef = 649F421D20438D1A00B21997 /* LoginViewController.swift */; };
		649F422820438D5400B21997 /* Main.storyboard in Resources */ = {isa = PBXBuildFile; fileRef = 649F422720438D5400B21997 /* Main.storyboard */; };
		89FA2D37B137E9D34FF20948 /* Pods_Guiddel.framework in Frameworks */ = {isa = PBXBuildFile; fileRef = F385E206273288C95B7411AD /* Pods_Guiddel.framework */; };
/* End PBXBuildFile section */

/* Begin PBXFileReference section */
		38184F342455E3C300FDF74B /* GoogleService-Info.plist */ = {isa = PBXFileReference; fileEncoding = 4; lastKnownFileType = text.plist.xml; path = "GoogleService-Info.plist"; sourceTree = "<group>"; };
		38184F5E2456137C00FDF74B /* UserProfileViewController.swift */ = {isa = PBXFileReference; lastKnownFileType = sourcecode.swift; path = UserProfileViewController.swift; sourceTree = "<group>"; };
		38184F6024561E7B00FDF74B /* TextfieldView.swift */ = {isa = PBXFileReference; lastKnownFileType = sourcecode.swift; path = TextfieldView.swift; sourceTree = "<group>"; };
		38184F6324561F0600FDF74B /* UserProfileImageView.swift */ = {isa = PBXFileReference; lastKnownFileType = sourcecode.swift; path = UserProfileImageView.swift; sourceTree = "<group>"; };
		38184F65245624DE00FDF74B /* AccountManager.swift */ = {isa = PBXFileReference; lastKnownFileType = sourcecode.swift; path = AccountManager.swift; sourceTree = "<group>"; };
		38184F6724562B2D00FDF74B /* StorageManager.swift */ = {isa = PBXFileReference; lastKnownFileType = sourcecode.swift; path = StorageManager.swift; sourceTree = "<group>"; };
		38184F692456386D00FDF74B /* Validator.swift */ = {isa = PBXFileReference; lastKnownFileType = sourcecode.swift; path = Validator.swift; sourceTree = "<group>"; };
		38184F6B2456532E00FDF74B /* AuthManager.swift */ = {isa = PBXFileReference; lastKnownFileType = sourcecode.swift; path = AuthManager.swift; sourceTree = "<group>"; };
		38184F6D24565ED600FDF74B /* DatabaseManager.swift */ = {isa = PBXFileReference; lastKnownFileType = sourcecode.swift; path = DatabaseManager.swift; sourceTree = "<group>"; };
		38184F6F2457196400FDF74B /* Notification.Name.swift */ = {isa = PBXFileReference; lastKnownFileType = sourcecode.swift; path = Notification.Name.swift; sourceTree = "<group>"; };
		38A5A7CA245C84B300394FE3 /* MuseumResponse.swift */ = {isa = PBXFileReference; lastKnownFileType = sourcecode.swift; path = MuseumResponse.swift; sourceTree = "<group>"; };
		38A5A7E6245C901200394FE3 /* ChildVCState.swift */ = {isa = PBXFileReference; lastKnownFileType = sourcecode.swift; path = ChildVCState.swift; sourceTree = "<group>"; };
		38A5A7E8245C905100394FE3 /* BottomMenuBehavior.swift */ = {isa = PBXFileReference; lastKnownFileType = sourcecode.swift; path = BottomMenuBehavior.swift; sourceTree = "<group>"; };
		38A5A7EA245C919200394FE3 /* BottomMenuViewController.swift */ = {isa = PBXFileReference; lastKnownFileType = sourcecode.swift; path = BottomMenuViewController.swift; sourceTree = "<group>"; };
		38A5A7EC245C91D600394FE3 /* BottomMenuLayout.swift */ = {isa = PBXFileReference; lastKnownFileType = sourcecode.swift; path = BottomMenuLayout.swift; sourceTree = "<group>"; };
		38A5A7F4245C945600394FE3 /* ApiClient.swift */ = {isa = PBXFileReference; lastKnownFileType = sourcecode.swift; path = ApiClient.swift; sourceTree = "<group>"; };
		38A5A7F8245C948F00394FE3 /* BaseError.swift */ = {isa = PBXFileReference; lastKnownFileType = sourcecode.swift; path = BaseError.swift; sourceTree = "<group>"; };
		38A5A7FC245C953600394FE3 /* Endpoint.swift */ = {isa = PBXFileReference; lastKnownFileType = sourcecode.swift; path = Endpoint.swift; sourceTree = "<group>"; };
		38A5A804245C95F600394FE3 /* MuseumService.swift */ = {isa = PBXFileReference; lastKnownFileType = sourcecode.swift; path = MuseumService.swift; sourceTree = "<group>"; };
		38A5A807245C968D00394FE3 /* MuseumEndpoint.swift */ = {isa = PBXFileReference; lastKnownFileType = sourcecode.swift; path = MuseumEndpoint.swift; sourceTree = "<group>"; };
		38A5A809245C973F00394FE3 /* ServiceLayer.swift */ = {isa = PBXFileReference; lastKnownFileType = sourcecode.swift; path = ServiceLayer.swift; sourceTree = "<group>"; };
		38A5A80D245C98BD00394FE3 /* LocationHelper.swift */ = {isa = PBXFileReference; lastKnownFileType = sourcecode.swift; path = LocationHelper.swift; sourceTree = "<group>"; };
		38A5A812245C993600394FE3 /* MuseumViewModel.swift */ = {isa = PBXFileReference; lastKnownFileType = sourcecode.swift; path = MuseumViewModel.swift; sourceTree = "<group>"; };
		38A5A819245CB07700394FE3 /* NameHelper.swift */ = {isa = PBXFileReference; lastKnownFileType = sourcecode.swift; path = NameHelper.swift; sourceTree = "<group>"; };
		38A5A81D245DBB2700394FE3 /* NewsCollectionViewCell.swift */ = {isa = PBXFileReference; lastKnownFileType = sourcecode.swift; path = NewsCollectionViewCell.swift; sourceTree = "<group>"; };
		38A5A81F245DBE7400394FE3 /* NewsViewController.swift */ = {isa = PBXFileReference; lastKnownFileType = sourcecode.swift; path = NewsViewController.swift; sourceTree = "<group>"; };
		38A5A82A245DF27700394FE3 /* DateTableViewCell.swift */ = {isa = PBXFileReference; lastKnownFileType = sourcecode.swift; path = DateTableViewCell.swift; sourceTree = "<group>"; };
		38A5A82C245DF2FA00394FE3 /* CalendarViewController.swift */ = {isa = PBXFileReference; lastKnownFileType = sourcecode.swift; path = CalendarViewController.swift; sourceTree = "<group>"; };
		38A5A833245DFAD400394FE3 /* RequestTableViewController.swift */ = {isa = PBXFileReference; lastKnownFileType = sourcecode.swift; path = RequestTableViewController.swift; sourceTree = "<group>"; };
		38A5A836245E016500394FE3 /* MuseumRequestManager.swift */ = {isa = PBXFileReference; lastKnownFileType = sourcecode.swift; path = MuseumRequestManager.swift; sourceTree = "<group>"; };
		38A5A838245F068200394FE3 /* GuideRequest.swift */ = {isa = PBXFileReference; lastKnownFileType = sourcecode.swift; path = GuideRequest.swift; sourceTree = "<group>"; };
		38ADD2CD24575C3D00E746DE /* Login.storyboard */ = {isa = PBXFileReference; lastKnownFileType = file.storyboard; path = Login.storyboard; sourceTree = "<group>"; };
		38ADD2D2245787A900E746DE /* RoundCornersButton.swift */ = {isa = PBXFileReference; lastKnownFileType = sourcecode.swift; path = RoundCornersButton.swift; sourceTree = "<group>"; };
		38ADD2D52457929D00E746DE /* ActivityIndicator.swift */ = {isa = PBXFileReference; lastKnownFileType = sourcecode.swift; path = ActivityIndicator.swift; sourceTree = "<group>"; };
		38ADD2FE245A43EA00E746DE /* MainViewController.swift */ = {isa = PBXFileReference; lastKnownFileType = sourcecode.swift; path = MainViewController.swift; sourceTree = "<group>"; };
		38ADD302245A50AD00E746DE /* VisualEffectsView.swift */ = {isa = PBXFileReference; lastKnownFileType = sourcecode.swift; path = VisualEffectsView.swift; sourceTree = "<group>"; };
		38ADD304245A55FB00E746DE /* SearchCell.swift */ = {isa = PBXFileReference; lastKnownFileType = sourcecode.swift; path = SearchCell.swift; sourceTree = "<group>"; };
		38ADD306245A566700E746DE /* UISearchView+extension.swift */ = {isa = PBXFileReference; lastKnownFileType = sourcecode.swift; path = "UISearchView+extension.swift"; sourceTree = "<group>"; };
		38ADD308245A56AE00E746DE /* SearchHeaderView.swift */ = {isa = PBXFileReference; lastKnownFileType = sourcecode.swift; path = SearchHeaderView.swift; sourceTree = "<group>"; };
		38ADD30C245A5B4700E746DE /* Launch Screen.storyboard */ = {isa = PBXFileReference; lastKnownFileType = file.storyboard; path = "Launch Screen.storyboard"; sourceTree = "<group>"; };
		38ADD311245B1A8D00E746DE /* User.swift */ = {isa = PBXFileReference; lastKnownFileType = sourcecode.swift; path = User.swift; sourceTree = "<group>"; };
		38ADD317245B8AE100E746DE /* SearchTableViewController.swift */ = {isa = PBXFileReference; lastKnownFileType = sourcecode.swift; path = SearchTableViewController.swift; sourceTree = "<group>"; };
		645D7894204344160093B00C /* Guiddel.app */ = {isa = PBXFileReference; explicitFileType = wrapper.application; includeInIndex = 0; path = Guiddel.app; sourceTree = BUILT_PRODUCTS_DIR; };
		645D7897204344160093B00C /* AppDelegate.swift */ = {isa = PBXFileReference; lastKnownFileType = sourcecode.swift; path = AppDelegate.swift; sourceTree = "<group>"; };
		645D789E204344160093B00C /* Assets.xcassets */ = {isa = PBXFileReference; lastKnownFileType = folder.assetcatalog; path = Assets.xcassets; sourceTree = "<group>"; };
		645D78A3204344160093B00C /* Info.plist */ = {isa = PBXFileReference; lastKnownFileType = text.plist.xml; path = Info.plist; sourceTree = "<group>"; };
		649F421D20438D1A00B21997 /* LoginViewController.swift */ = {isa = PBXFileReference; fileEncoding = 4; lastKnownFileType = sourcecode.swift; path = LoginViewController.swift; sourceTree = "<group>"; };
		649F422720438D5400B21997 /* Main.storyboard */ = {isa = PBXFileReference; fileEncoding = 4; lastKnownFileType = file.storyboard; path = Main.storyboard; sourceTree = "<group>"; };
		AD7CE61CCD0E79A79F6F36B8 /* Pods-Guiddel.debug.xcconfig */ = {isa = PBXFileReference; includeInIndex = 1; lastKnownFileType = text.xcconfig; name = "Pods-Guiddel.debug.xcconfig"; path = "Target Support Files/Pods-Guiddel/Pods-Guiddel.debug.xcconfig"; sourceTree = "<group>"; };
		F385E206273288C95B7411AD /* Pods_Guiddel.framework */ = {isa = PBXFileReference; explicitFileType = wrapper.framework; includeInIndex = 0; path = Pods_Guiddel.framework; sourceTree = BUILT_PRODUCTS_DIR; };
		F7913782216C78B543535694 /* Pods-Guiddel.release.xcconfig */ = {isa = PBXFileReference; includeInIndex = 1; lastKnownFileType = text.xcconfig; name = "Pods-Guiddel.release.xcconfig"; path = "Target Support Files/Pods-Guiddel/Pods-Guiddel.release.xcconfig"; sourceTree = "<group>"; };
/* End PBXFileReference section */

/* Begin PBXFrameworksBuildPhase section */
		645D7891204344160093B00C /* Frameworks */ = {
			isa = PBXFrameworksBuildPhase;
			buildActionMask = 2147483647;
			files = (
				89FA2D37B137E9D34FF20948 /* Pods_Guiddel.framework in Frameworks */,
			);
			runOnlyForDeploymentPostprocessing = 0;
		};
/* End PBXFrameworksBuildPhase section */

/* Begin PBXGroup section */
		38184F6224561EEE00FDF74B /* Common */ = {
			isa = PBXGroup;
			children = (
				38A5A7D9245C866600394FE3 /* Notification */,
				38ADD2D42457928B00E746DE /* ProgressHUD */,
				38ADD2D12457877A00E746DE /* UIElements */,
				38184F692456386D00FDF74B /* Validator.swift */,
			);
			path = Common;
			sourceTree = "<group>";
		};
		38A5A7CC245C855F00394FE3 /* Classes */ = {
			isa = PBXGroup;
			children = (
				38A5A7CF245C857B00394FE3 /* Model */,
				38A5A7CE245C857200394FE3 /* Business Logic */,
				38A5A7CD245C856500394FE3 /* Presentation */,
			);
			path = Classes;
			sourceTree = "<group>";
		};
		38A5A7CD245C856500394FE3 /* Presentation */ = {
			isa = PBXGroup;
			children = (
				38184F6224561EEE00FDF74B /* Common */,
				649F421C20438CC100B21997 /* Controllers */,
			);
			path = Presentation;
			sourceTree = "<group>";
		};
		38A5A7CE245C857200394FE3 /* Business Logic */ = {
			isa = PBXGroup;
			children = (
				38A5A7FE245C957700394FE3 /* Firebase */,
				38A5A7F1245C940C00394FE3 /* Alamofire */,
			);
			path = "Business Logic";
			sourceTree = "<group>";
		};
		38A5A7CF245C857B00394FE3 /* Model */ = {
			isa = PBXGroup;
			children = (
				38ADD311245B1A8D00E746DE /* User.swift */,
				38A5A7CA245C84B300394FE3 /* MuseumResponse.swift */,
				38A5A838245F068200394FE3 /* GuideRequest.swift */,
			);
			path = Model;
			sourceTree = "<group>";
		};
		38A5A7D0245C85A000394FE3 /* Resources */ = {
			isa = PBXGroup;
			children = (
				645D789E204344160093B00C /* Assets.xcassets */,
				38ADD30C245A5B4700E746DE /* Launch Screen.storyboard */,
			);
			path = Resources;
			sourceTree = "<group>";
		};
		38A5A7D1245C85AD00394FE3 /* Supporting Files */ = {
			isa = PBXGroup;
			children = (
			);
			path = "Supporting Files";
			sourceTree = "<group>";
		};
		38A5A7D9245C866600394FE3 /* Notification */ = {
			isa = PBXGroup;
			children = (
				38184F6F2457196400FDF74B /* Notification.Name.swift */,
			);
			path = Notification;
			sourceTree = "<group>";
		};
		38A5A7DF245C8D9300394FE3 /* Main */ = {
			isa = PBXGroup;
			children = (
				38A5A816245C9C0C00394FE3 /* View */,
				38A5A814245C9BB900394FE3 /* Controller */,
				38A5A80F245C991A00394FE3 /* ViewModel */,
				38A5A7E5245C900800394FE3 /* Helper */,
				649F422720438D5400B21997 /* Main.storyboard */,
			);
			path = Main;
			sourceTree = "<group>";
		};
		38A5A7E1245C8E8200394FE3 /* Login */ = {
			isa = PBXGroup;
			children = (
				649F421D20438D1A00B21997 /* LoginViewController.swift */,
				38ADD2CD24575C3D00E746DE /* Login.storyboard */,
			);
			path = Login;
			sourceTree = "<group>";
		};
		38A5A7E5245C900800394FE3 /* Helper */ = {
			isa = PBXGroup;
			children = (
				38A5A7E6245C901200394FE3 /* ChildVCState.swift */,
			);
			path = Helper;
			sourceTree = "<group>";
		};
		38A5A7F1245C940C00394FE3 /* Alamofire */ = {
			isa = PBXGroup;
			children = (
				38A5A803245C95EA00394FE3 /* Service */,
				38A5A7FB245C952A00394FE3 /* Endpoint */,
				38A5A7FA245C94B700394FE3 /* BaseError */,
				38A5A7F4245C945600394FE3 /* ApiClient.swift */,
				38A5A809245C973F00394FE3 /* ServiceLayer.swift */,
			);
			path = Alamofire;
			sourceTree = "<group>";
		};
		38A5A7FA245C94B700394FE3 /* BaseError */ = {
			isa = PBXGroup;
			children = (
				38A5A7F8245C948F00394FE3 /* BaseError.swift */,
			);
			path = BaseError;
			sourceTree = "<group>";
		};
		38A5A7FB245C952A00394FE3 /* Endpoint */ = {
			isa = PBXGroup;
			children = (
				38A5A806245C967D00394FE3 /* Museum */,
				38A5A7FC245C953600394FE3 /* Endpoint.swift */,
			);
			path = Endpoint;
			sourceTree = "<group>";
		};
		38A5A7FE245C957700394FE3 /* Firebase */ = {
			isa = PBXGroup;
			children = (
				38A5A802245C959600394FE3 /* Storage */,
				38A5A801245C958C00394FE3 /* Firestore */,
				38A5A800245C958800394FE3 /* Auth */,
				38A5A7FF245C958200394FE3 /* Account */,
			);
			path = Firebase;
			sourceTree = "<group>";
		};
		38A5A7FF245C958200394FE3 /* Account */ = {
			isa = PBXGroup;
			children = (
				38184F65245624DE00FDF74B /* AccountManager.swift */,
			);
			path = Account;
			sourceTree = "<group>";
		};
		38A5A800245C958800394FE3 /* Auth */ = {
			isa = PBXGroup;
			children = (
				38184F6B2456532E00FDF74B /* AuthManager.swift */,
			);
			path = Auth;
			sourceTree = "<group>";
		};
		38A5A801245C958C00394FE3 /* Firestore */ = {
			isa = PBXGroup;
			children = (
				38184F6D24565ED600FDF74B /* DatabaseManager.swift */,
			);
			path = Firestore;
			sourceTree = "<group>";
		};
		38A5A802245C959600394FE3 /* Storage */ = {
			isa = PBXGroup;
			children = (
				38184F6724562B2D00FDF74B /* StorageManager.swift */,
			);
			path = Storage;
			sourceTree = "<group>";
		};
		38A5A803245C95EA00394FE3 /* Service */ = {
			isa = PBXGroup;
			children = (
				38A5A804245C95F600394FE3 /* MuseumService.swift */,
			);
			path = Service;
			sourceTree = "<group>";
		};
		38A5A806245C967D00394FE3 /* Museum */ = {
			isa = PBXGroup;
			children = (
				38A5A807245C968D00394FE3 /* MuseumEndpoint.swift */,
			);
			path = Museum;
			sourceTree = "<group>";
		};
		38A5A80B245C98A600394FE3 /* Helper */ = {
			isa = PBXGroup;
			children = (
				38A5A835245E015100394FE3 /* Request */,
				38A5A818245CB06800394FE3 /* Name */,
				38A5A80C245C98AD00394FE3 /* Location */,
			);
			path = Helper;
			sourceTree = "<group>";
		};
		38A5A80C245C98AD00394FE3 /* Location */ = {
			isa = PBXGroup;
			children = (
				38A5A80D245C98BD00394FE3 /* LocationHelper.swift */,
			);
			path = Location;
			sourceTree = "<group>";
		};
		38A5A80F245C991A00394FE3 /* ViewModel */ = {
			isa = PBXGroup;
			children = (
				38A5A812245C993600394FE3 /* MuseumViewModel.swift */,
			);
			path = ViewModel;
			sourceTree = "<group>";
		};
		38A5A814245C9BB900394FE3 /* Controller */ = {
			isa = PBXGroup;
			children = (
				38A5A825245DBF2600394FE3 /* Bottom Menu */,
				38A5A824245DBF0800394FE3 /* User Profile */,
				38A5A823245DBEFD00394FE3 /* Bottom Search */,
				38A5A822245DBEF900394FE3 /* Main */,
				38A5A821245DBED600394FE3 /* Bottom News */,
			);
			path = Controller;
			sourceTree = "<group>";
		};
		38A5A816245C9C0C00394FE3 /* View */ = {
			isa = PBXGroup;
			children = (
				38A5A817245C9C1200394FE3 /* BottomMenu */,
			);
			path = View;
			sourceTree = "<group>";
		};
		38A5A817245C9C1200394FE3 /* BottomMenu */ = {
			isa = PBXGroup;
			children = (
				38ADD302245A50AD00E746DE /* VisualEffectsView.swift */,
				38ADD308245A56AE00E746DE /* SearchHeaderView.swift */,
				38ADD304245A55FB00E746DE /* SearchCell.swift */,
				38ADD306245A566700E746DE /* UISearchView+extension.swift */,
				38A5A7E8245C905100394FE3 /* BottomMenuBehavior.swift */,
				38A5A7EC245C91D600394FE3 /* BottomMenuLayout.swift */,
			);
			path = BottomMenu;
			sourceTree = "<group>";
		};
		38A5A818245CB06800394FE3 /* Name */ = {
			isa = PBXGroup;
			children = (
				38A5A819245CB07700394FE3 /* NameHelper.swift */,
			);
			path = Name;
			sourceTree = "<group>";
		};
		38A5A821245DBED600394FE3 /* Bottom News */ = {
			isa = PBXGroup;
			children = (
				38A5A826245DC1DB00394FE3 /* Cell */,
				38A5A81F245DBE7400394FE3 /* NewsViewController.swift */,
			);
			path = "Bottom News";
			sourceTree = "<group>";
		};
		38A5A822245DBEF900394FE3 /* Main */ = {
			isa = PBXGroup;
			children = (
				38ADD2FE245A43EA00E746DE /* MainViewController.swift */,
			);
			path = Main;
			sourceTree = "<group>";
		};
		38A5A823245DBEFD00394FE3 /* Bottom Search */ = {
			isa = PBXGroup;
			children = (
				38ADD317245B8AE100E746DE /* SearchTableViewController.swift */,
			);
			path = "Bottom Search";
			sourceTree = "<group>";
		};
		38A5A824245DBF0800394FE3 /* User Profile */ = {
			isa = PBXGroup;
			children = (
				38184F5E2456137C00FDF74B /* UserProfileViewController.swift */,
			);
			path = "User Profile";
			sourceTree = "<group>";
		};
		38A5A825245DBF2600394FE3 /* Bottom Menu */ = {
			isa = PBXGroup;
			children = (
				38A5A82E245DF55300394FE3 /* Creation */,
				38A5A827245DF11000394FE3 /* Calendar */,
				38A5A7EA245C919200394FE3 /* BottomMenuViewController.swift */,
			);
			path = "Bottom Menu";
			sourceTree = "<group>";
		};
		38A5A826245DC1DB00394FE3 /* Cell */ = {
			isa = PBXGroup;
			children = (
				38A5A81D245DBB2700394FE3 /* NewsCollectionViewCell.swift */,
			);
			path = Cell;
			sourceTree = "<group>";
		};
		38A5A827245DF11000394FE3 /* Calendar */ = {
			isa = PBXGroup;
			children = (
				38A5A82A245DF27700394FE3 /* DateTableViewCell.swift */,
				38A5A82C245DF2FA00394FE3 /* CalendarViewController.swift */,
			);
			path = Calendar;
			sourceTree = "<group>";
		};
		38A5A82E245DF55300394FE3 /* Creation */ = {
			isa = PBXGroup;
			children = (
				38A5A833245DFAD400394FE3 /* RequestTableViewController.swift */,
			);
			path = Creation;
			sourceTree = "<group>";
		};
		38A5A835245E015100394FE3 /* Request */ = {
			isa = PBXGroup;
			children = (
				38A5A836245E016500394FE3 /* MuseumRequestManager.swift */,
			);
			path = Request;
			sourceTree = "<group>";
		};
		38ADD2D12457877A00E746DE /* UIElements */ = {
			isa = PBXGroup;
			children = (
				38184F6024561E7B00FDF74B /* TextfieldView.swift */,
				38184F6324561F0600FDF74B /* UserProfileImageView.swift */,
				38ADD2D2245787A900E746DE /* RoundCornersButton.swift */,
			);
			path = UIElements;
			sourceTree = "<group>";
		};
		38ADD2D42457928B00E746DE /* ProgressHUD */ = {
			isa = PBXGroup;
			children = (
				38ADD2D52457929D00E746DE /* ActivityIndicator.swift */,
			);
			path = ProgressHUD;
			sourceTree = "<group>";
		};
		645D788B204344160093B00C = {
			isa = PBXGroup;
			children = (
				645D7896204344160093B00C /* Guiddel */,
				645D7895204344160093B00C /* Products */,
				D0E5E3C1698A5DAF453CF53C /* Pods */,
				A940EEB6C52FF19CA7026444 /* Frameworks */,
			);
			sourceTree = "<group>";
		};
		645D7895204344160093B00C /* Products */ = {
			isa = PBXGroup;
			children = (
				645D7894204344160093B00C /* Guiddel.app */,
			);
			name = Products;
			sourceTree = "<group>";
		};
		645D7896204344160093B00C /* Guiddel */ = {
			isa = PBXGroup;
			children = (
				645D78A3204344160093B00C /* Info.plist */,
				38184F342455E3C300FDF74B /* GoogleService-Info.plist */,
				38A5A7D1245C85AD00394FE3 /* Supporting Files */,
				38A5A7D0245C85A000394FE3 /* Resources */,
				38A5A7CC245C855F00394FE3 /* Classes */,
				645D7897204344160093B00C /* AppDelegate.swift */,
			);
			path = Guiddel;
			sourceTree = "<group>";
		};
		649F421C20438CC100B21997 /* Controllers */ = {
			isa = PBXGroup;
			children = (
				38A5A80B245C98A600394FE3 /* Helper */,
				38A5A7E1245C8E8200394FE3 /* Login */,
				38A5A7DF245C8D9300394FE3 /* Main */,
			);
			path = Controllers;
			sourceTree = "<group>";
		};
		A940EEB6C52FF19CA7026444 /* Frameworks */ = {
			isa = PBXGroup;
			children = (
				F385E206273288C95B7411AD /* Pods_Guiddel.framework */,
			);
			name = Frameworks;
			sourceTree = "<group>";
		};
		D0E5E3C1698A5DAF453CF53C /* Pods */ = {
			isa = PBXGroup;
			children = (
				AD7CE61CCD0E79A79F6F36B8 /* Pods-Guiddel.debug.xcconfig */,
				F7913782216C78B543535694 /* Pods-Guiddel.release.xcconfig */,
			);
			path = Pods;
			sourceTree = "<group>";
		};
/* End PBXGroup section */

/* Begin PBXNativeTarget section */
		645D7893204344160093B00C /* Guiddel */ = {
			isa = PBXNativeTarget;
			buildConfigurationList = 645D78A6204344160093B00C /* Build configuration list for PBXNativeTarget "Guiddel" */;
			buildPhases = (
				79E51D959A2383ECA9229498 /* [CP] Check Pods Manifest.lock */,
				645D7890204344160093B00C /* Sources */,
				645D7891204344160093B00C /* Frameworks */,
				645D7892204344160093B00C /* Resources */,
				20211F64B8CF981E09CDBDDE /* [CP] Embed Pods Frameworks */,
			);
			buildRules = (
			);
			dependencies = (
			);
			name = Guiddel;
			productName = Grocr;
			productReference = 645D7894204344160093B00C /* Guiddel.app */;
			productType = "com.apple.product-type.application";
		};
/* End PBXNativeTarget section */

/* Begin PBXProject section */
		645D788C204344160093B00C /* Project object */ = {
			isa = PBXProject;
			attributes = {
				LastSwiftUpdateCheck = 0920;
				LastUpgradeCheck = 0930;
				ORGANIZATIONNAME = "Anton Danilov";
				TargetAttributes = {
					645D7893204344160093B00C = {
						CreatedOnToolsVersion = 9.2;
						ProvisioningStyle = Automatic;
						SystemCapabilities = {
							com.apple.Keychain = {
								enabled = 0;
							};
						};
					};
				};
			};
			buildConfigurationList = 645D788F204344160093B00C /* Build configuration list for PBXProject "Guiddel" */;
			compatibilityVersion = "Xcode 8.0";
			developmentRegion = en;
			hasScannedForEncodings = 0;
			knownRegions = (
				en,
				Base,
			);
			mainGroup = 645D788B204344160093B00C;
			productRefGroup = 645D7895204344160093B00C /* Products */;
			projectDirPath = "";
			projectRoot = "";
			targets = (
				645D7893204344160093B00C /* Guiddel */,
			);
		};
/* End PBXProject section */

/* Begin PBXResourcesBuildPhase section */
		645D7892204344160093B00C /* Resources */ = {
			isa = PBXResourcesBuildPhase;
			buildActionMask = 2147483647;
			files = (
				649F422820438D5400B21997 /* Main.storyboard in Resources */,
				38184F352455E3C300FDF74B /* GoogleService-Info.plist in Resources */,
				38ADD2CE24575C3D00E746DE /* Login.storyboard in Resources */,
				38ADD30D245A5B4700E746DE /* Launch Screen.storyboard in Resources */,
				645D789F204344160093B00C /* Assets.xcassets in Resources */,
			);
			runOnlyForDeploymentPostprocessing = 0;
		};
/* End PBXResourcesBuildPhase section */

/* Begin PBXShellScriptBuildPhase section */
		20211F64B8CF981E09CDBDDE /* [CP] Embed Pods Frameworks */ = {
			isa = PBXShellScriptBuildPhase;
			buildActionMask = 2147483647;
			files = (
			);
			inputFileListPaths = (
			);
			inputPaths = (
				"${PODS_ROOT}/Target Support Files/Pods-Guiddel/Pods-Guiddel-frameworks.sh",
				"${BUILT_PRODUCTS_DIR}/Alamofire/Alamofire.framework",
				"${BUILT_PRODUCTS_DIR}/BoringSSL-GRPC/openssl_grpc.framework",
				"${BUILT_PRODUCTS_DIR}/FloatingPanel/FloatingPanel.framework",
				"${BUILT_PRODUCTS_DIR}/GTMSessionFetcher/GTMSessionFetcher.framework",
				"${BUILT_PRODUCTS_DIR}/GoogleUtilities/GoogleUtilities.framework",
				"${BUILT_PRODUCTS_DIR}/JTAppleCalendar/JTAppleCalendar.framework",
				"${BUILT_PRODUCTS_DIR}/PromisesObjC/FBLPromises.framework",
				"${BUILT_PRODUCTS_DIR}/abseil/absl.framework",
				"${BUILT_PRODUCTS_DIR}/gRPC-C++/grpcpp.framework",
				"${BUILT_PRODUCTS_DIR}/gRPC-Core/grpc.framework",
				"${BUILT_PRODUCTS_DIR}/leveldb-library/leveldb.framework",
				"${BUILT_PRODUCTS_DIR}/nanopb/nanopb.framework",
			);
			name = "[CP] Embed Pods Frameworks";
			outputFileListPaths = (
			);
			outputPaths = (
				"${TARGET_BUILD_DIR}/${FRAMEWORKS_FOLDER_PATH}/Alamofire.framework",
				"${TARGET_BUILD_DIR}/${FRAMEWORKS_FOLDER_PATH}/openssl_grpc.framework",
				"${TARGET_BUILD_DIR}/${FRAMEWORKS_FOLDER_PATH}/FloatingPanel.framework",
				"${TARGET_BUILD_DIR}/${FRAMEWORKS_FOLDER_PATH}/GTMSessionFetcher.framework",
				"${TARGET_BUILD_DIR}/${FRAMEWORKS_FOLDER_PATH}/GoogleUtilities.framework",
				"${TARGET_BUILD_DIR}/${FRAMEWORKS_FOLDER_PATH}/JTAppleCalendar.framework",
				"${TARGET_BUILD_DIR}/${FRAMEWORKS_FOLDER_PATH}/FBLPromises.framework",
				"${TARGET_BUILD_DIR}/${FRAMEWORKS_FOLDER_PATH}/absl.framework",
				"${TARGET_BUILD_DIR}/${FRAMEWORKS_FOLDER_PATH}/grpcpp.framework",
				"${TARGET_BUILD_DIR}/${FRAMEWORKS_FOLDER_PATH}/grpc.framework",
				"${TARGET_BUILD_DIR}/${FRAMEWORKS_FOLDER_PATH}/leveldb.framework",
				"${TARGET_BUILD_DIR}/${FRAMEWORKS_FOLDER_PATH}/nanopb.framework",
			);
			runOnlyForDeploymentPostprocessing = 0;
			shellPath = /bin/sh;
			shellScript = "\"${PODS_ROOT}/Target Support Files/Pods-Guiddel/Pods-Guiddel-frameworks.sh\"\n";
			showEnvVarsInLog = 0;
		};
		79E51D959A2383ECA9229498 /* [CP] Check Pods Manifest.lock */ = {
			isa = PBXShellScriptBuildPhase;
			buildActionMask = 2147483647;
			files = (
			);
			inputFileListPaths = (
			);
			inputPaths = (
				"${PODS_PODFILE_DIR_PATH}/Podfile.lock",
				"${PODS_ROOT}/Manifest.lock",
			);
			name = "[CP] Check Pods Manifest.lock";
			outputFileListPaths = (
			);
			outputPaths = (
				"$(DERIVED_FILE_DIR)/Pods-Guiddel-checkManifestLockResult.txt",
			);
			runOnlyForDeploymentPostprocessing = 0;
			shellPath = /bin/sh;
			shellScript = "diff \"${PODS_PODFILE_DIR_PATH}/Podfile.lock\" \"${PODS_ROOT}/Manifest.lock\" > /dev/null\nif [ $? != 0 ] ; then\n    # print error to STDERR\n    echo \"error: The sandbox is not in sync with the Podfile.lock. Run 'pod install' or update your CocoaPods installation.\" >&2\n    exit 1\nfi\n# This output is used by Xcode 'outputs' to avoid re-running this script phase.\necho \"SUCCESS\" > \"${SCRIPT_OUTPUT_FILE_0}\"\n";
			showEnvVarsInLog = 0;
		};
/* End PBXShellScriptBuildPhase section */

/* Begin PBXSourcesBuildPhase section */
		645D7890204344160093B00C /* Sources */ = {
			isa = PBXSourcesBuildPhase;
			buildActionMask = 2147483647;
			files = (
				649F422020438D1B00B21997 /* LoginViewController.swift in Sources */,
				38A5A81E245DBB2700394FE3 /* NewsCollectionViewCell.swift in Sources */,
				38A5A7FD245C953600394FE3 /* Endpoint.swift in Sources */,
				38A5A7DE245C8D1000394FE3 /* MainViewController.swift in Sources */,
				38184F702457196500FDF74B /* Notification.Name.swift in Sources */,
				38A5A7ED245C91D600394FE3 /* BottomMenuLayout.swift in Sources */,
				38ADD2D3245787A900E746DE /* RoundCornersButton.swift in Sources */,
				38A5A820245DBE7400394FE3 /* NewsViewController.swift in Sources */,
				38184F6824562B2D00FDF74B /* StorageManager.swift in Sources */,
				38ADD305245A55FB00E746DE /* SearchCell.swift in Sources */,
				38A5A7F5245C945600394FE3 /* ApiClient.swift in Sources */,
				38184F6C2456532E00FDF74B /* AuthManager.swift in Sources */,
				38184F6124561E7B00FDF74B /* TextfieldView.swift in Sources */,
				38A5A7CB245C84B400394FE3 /* MuseumResponse.swift in Sources */,
				38A5A81A245CB07700394FE3 /* NameHelper.swift in Sources */,
				38A5A80E245C98BD00394FE3 /* LocationHelper.swift in Sources */,
				38A5A7E7245C901200394FE3 /* ChildVCState.swift in Sources */,
				38A5A805245C95F600394FE3 /* MuseumService.swift in Sources */,
				38184F6A2456386D00FDF74B /* Validator.swift in Sources */,
				38184F6E24565ED600FDF74B /* DatabaseManager.swift in Sources */,
				38A5A7DD245C8D0D00394FE3 /* SearchTableViewController.swift in Sources */,
				38A5A82D245DF2FA00394FE3 /* CalendarViewController.swift in Sources */,
				38A5A839245F068200394FE3 /* GuideRequest.swift in Sources */,
				38A5A834245DFAD400394FE3 /* RequestTableViewController.swift in Sources */,
				38ADD303245A50AD00E746DE /* VisualEffectsView.swift in Sources */,
				38184F5F2456137C00FDF74B /* UserProfileViewController.swift in Sources */,
				38184F66245624DE00FDF74B /* AccountManager.swift in Sources */,
				38ADD309245A56AE00E746DE /* SearchHeaderView.swift in Sources */,
				38ADD307245A566700E746DE /* UISearchView+extension.swift in Sources */,
				38A5A82B245DF27700394FE3 /* DateTableViewCell.swift in Sources */,
				645D7898204344160093B00C /* AppDelegate.swift in Sources */,
				38184F6424561F0600FDF74B /* UserProfileImageView.swift in Sources */,
				38A5A808245C968D00394FE3 /* MuseumEndpoint.swift in Sources */,
				38A5A7E9245C905200394FE3 /* BottomMenuBehavior.swift in Sources */,
				38A5A80A245C973F00394FE3 /* ServiceLayer.swift in Sources */,
				38ADD2D62457929D00E746DE /* ActivityIndicator.swift in Sources */,
				38A5A837245E016500394FE3 /* MuseumRequestManager.swift in Sources */,
				38A5A813245C993600394FE3 /* MuseumViewModel.swift in Sources */,
				38ADD312245B1A8D00E746DE /* User.swift in Sources */,
				38A5A7EB245C919200394FE3 /* BottomMenuViewController.swift in Sources */,
				38A5A7F9245C948F00394FE3 /* BaseError.swift in Sources */,
			);
			runOnlyForDeploymentPostprocessing = 0;
		};
/* End PBXSourcesBuildPhase section */

/* Begin XCBuildConfiguration section */
		645D78A4204344160093B00C /* Debug */ = {
			isa = XCBuildConfiguration;
			buildSettings = {
				ALWAYS_SEARCH_USER_PATHS = NO;
				CLANG_ANALYZER_NONNULL = YES;
				CLANG_ANALYZER_NUMBER_OBJECT_CONVERSION = YES_AGGRESSIVE;
				CLANG_CXX_LANGUAGE_STANDARD = "gnu++14";
				CLANG_CXX_LIBRARY = "libc++";
				CLANG_ENABLE_MODULES = YES;
				CLANG_ENABLE_OBJC_ARC = YES;
				CLANG_WARN_BLOCK_CAPTURE_AUTORELEASING = YES;
				CLANG_WARN_BOOL_CONVERSION = YES;
				CLANG_WARN_COMMA = YES;
				CLANG_WARN_CONSTANT_CONVERSION = YES;
				CLANG_WARN_DEPRECATED_OBJC_IMPLEMENTATIONS = YES;
				CLANG_WARN_DIRECT_OBJC_ISA_USAGE = YES_ERROR;
				CLANG_WARN_DOCUMENTATION_COMMENTS = YES;
				CLANG_WARN_EMPTY_BODY = YES;
				CLANG_WARN_ENUM_CONVERSION = YES;
				CLANG_WARN_INFINITE_RECURSION = YES;
				CLANG_WARN_INT_CONVERSION = YES;
				CLANG_WARN_NON_LITERAL_NULL_CONVERSION = YES;
				CLANG_WARN_OBJC_IMPLICIT_RETAIN_SELF = YES;
				CLANG_WARN_OBJC_LITERAL_CONVERSION = YES;
				CLANG_WARN_OBJC_ROOT_CLASS = YES_ERROR;
				CLANG_WARN_RANGE_LOOP_ANALYSIS = YES;
				CLANG_WARN_STRICT_PROTOTYPES = YES;
				CLANG_WARN_SUSPICIOUS_MOVE = YES;
				CLANG_WARN_UNGUARDED_AVAILABILITY = YES_AGGRESSIVE;
				CLANG_WARN_UNREACHABLE_CODE = YES;
				CLANG_WARN__DUPLICATE_METHOD_MATCH = YES;
				CODE_SIGN_IDENTITY = "iPhone Developer";
				COPY_PHASE_STRIP = NO;
				DEBUG_INFORMATION_FORMAT = dwarf;
				ENABLE_STRICT_OBJC_MSGSEND = YES;
				ENABLE_TESTABILITY = YES;
				GCC_C_LANGUAGE_STANDARD = gnu11;
				GCC_DYNAMIC_NO_PIC = NO;
				GCC_NO_COMMON_BLOCKS = YES;
				GCC_OPTIMIZATION_LEVEL = 0;
				GCC_PREPROCESSOR_DEFINITIONS = (
					"DEBUG=1",
					"$(inherited)",
				);
				GCC_WARN_64_TO_32_BIT_CONVERSION = YES;
				GCC_WARN_ABOUT_RETURN_TYPE = YES_ERROR;
				GCC_WARN_UNDECLARED_SELECTOR = YES;
				GCC_WARN_UNINITIALIZED_AUTOS = YES_AGGRESSIVE;
				GCC_WARN_UNUSED_FUNCTION = YES;
				GCC_WARN_UNUSED_VARIABLE = YES;
				IPHONEOS_DEPLOYMENT_TARGET = 11.3;
				MTL_ENABLE_DEBUG_INFO = YES;
				ONLY_ACTIVE_ARCH = YES;
				SDKROOT = iphoneos;
				SWIFT_ACTIVE_COMPILATION_CONDITIONS = DEBUG;
				SWIFT_OPTIMIZATION_LEVEL = "-Onone";
			};
			name = Debug;
		};
		645D78A5204344160093B00C /* Release */ = {
			isa = XCBuildConfiguration;
			buildSettings = {
				ALWAYS_SEARCH_USER_PATHS = NO;
				CLANG_ANALYZER_NONNULL = YES;
				CLANG_ANALYZER_NUMBER_OBJECT_CONVERSION = YES_AGGRESSIVE;
				CLANG_CXX_LANGUAGE_STANDARD = "gnu++14";
				CLANG_CXX_LIBRARY = "libc++";
				CLANG_ENABLE_MODULES = YES;
				CLANG_ENABLE_OBJC_ARC = YES;
				CLANG_WARN_BLOCK_CAPTURE_AUTORELEASING = YES;
				CLANG_WARN_BOOL_CONVERSION = YES;
				CLANG_WARN_COMMA = YES;
				CLANG_WARN_CONSTANT_CONVERSION = YES;
				CLANG_WARN_DEPRECATED_OBJC_IMPLEMENTATIONS = YES;
				CLANG_WARN_DIRECT_OBJC_ISA_USAGE = YES_ERROR;
				CLANG_WARN_DOCUMENTATION_COMMENTS = YES;
				CLANG_WARN_EMPTY_BODY = YES;
				CLANG_WARN_ENUM_CONVERSION = YES;
				CLANG_WARN_INFINITE_RECURSION = YES;
				CLANG_WARN_INT_CONVERSION = YES;
				CLANG_WARN_NON_LITERAL_NULL_CONVERSION = YES;
				CLANG_WARN_OBJC_IMPLICIT_RETAIN_SELF = YES;
				CLANG_WARN_OBJC_LITERAL_CONVERSION = YES;
				CLANG_WARN_OBJC_ROOT_CLASS = YES_ERROR;
				CLANG_WARN_RANGE_LOOP_ANALYSIS = YES;
				CLANG_WARN_STRICT_PROTOTYPES = YES;
				CLANG_WARN_SUSPICIOUS_MOVE = YES;
				CLANG_WARN_UNGUARDED_AVAILABILITY = YES_AGGRESSIVE;
				CLANG_WARN_UNREACHABLE_CODE = YES;
				CLANG_WARN__DUPLICATE_METHOD_MATCH = YES;
				CODE_SIGN_IDENTITY = "iPhone Developer";
				COPY_PHASE_STRIP = NO;
				DEBUG_INFORMATION_FORMAT = "dwarf-with-dsym";
				ENABLE_NS_ASSERTIONS = NO;
				ENABLE_STRICT_OBJC_MSGSEND = YES;
				GCC_C_LANGUAGE_STANDARD = gnu11;
				GCC_NO_COMMON_BLOCKS = YES;
				GCC_WARN_64_TO_32_BIT_CONVERSION = YES;
				GCC_WARN_ABOUT_RETURN_TYPE = YES_ERROR;
				GCC_WARN_UNDECLARED_SELECTOR = YES;
				GCC_WARN_UNINITIALIZED_AUTOS = YES_AGGRESSIVE;
				GCC_WARN_UNUSED_FUNCTION = YES;
				GCC_WARN_UNUSED_VARIABLE = YES;
				IPHONEOS_DEPLOYMENT_TARGET = 11.3;
				MTL_ENABLE_DEBUG_INFO = NO;
				SDKROOT = iphoneos;
				SWIFT_OPTIMIZATION_LEVEL = "-Owholemodule";
				VALIDATE_PRODUCT = YES;
			};
			name = Release;
		};
		645D78A7204344160093B00C /* Debug */ = {
			isa = XCBuildConfiguration;
			baseConfigurationReference = AD7CE61CCD0E79A79F6F36B8 /* Pods-Guiddel.debug.xcconfig */;
			buildSettings = {
				ASSETCATALOG_COMPILER_APPICON_NAME = AppIcon;
				CODE_SIGN_STYLE = Automatic;
				DEVELOPMENT_ASSET_PATHS = "";
				DEVELOPMENT_TEAM = LXJ3YPTS8E;
				INFOPLIST_FILE = "$(SRCROOT)/Guiddel/Info.plist";
				LD_RUNPATH_SEARCH_PATHS = "$(inherited) @executable_path/Frameworks";
				PRODUCT_BUNDLE_IDENTIFIER = rw.firebase.gettingstarted;
				PRODUCT_NAME = Guiddel;
				SWIFT_VERSION = 4.0;
				TARGETED_DEVICE_FAMILY = 1;
			};
			name = Debug;
		};
		645D78A8204344160093B00C /* Release */ = {
			isa = XCBuildConfiguration;
			baseConfigurationReference = F7913782216C78B543535694 /* Pods-Guiddel.release.xcconfig */;
			buildSettings = {
				ASSETCATALOG_COMPILER_APPICON_NAME = AppIcon;
				CODE_SIGN_STYLE = Automatic;
				DEVELOPMENT_ASSET_PATHS = "";
				DEVELOPMENT_TEAM = LXJ3YPTS8E;
				INFOPLIST_FILE = "$(SRCROOT)/Guiddel/Info.plist";
				LD_RUNPATH_SEARCH_PATHS = "$(inherited) @executable_path/Frameworks";
				PRODUCT_BUNDLE_IDENTIFIER = rw.firebase.gettingstarted;
				PRODUCT_NAME = Guiddel;
				SWIFT_VERSION = 4.0;
				TARGETED_DEVICE_FAMILY = 1;
			};
			name = Release;
		};
/* End XCBuildConfiguration section */

/* Begin XCConfigurationList section */
		645D788F204344160093B00C /* Build configuration list for PBXProject "Guiddel" */ = {
			isa = XCConfigurationList;
			buildConfigurations = (
				645D78A4204344160093B00C /* Debug */,
				645D78A5204344160093B00C /* Release */,
			);
			defaultConfigurationIsVisible = 0;
			defaultConfigurationName = Release;
		};
		645D78A6204344160093B00C /* Build configuration list for PBXNativeTarget "Guiddel" */ = {
			isa = XCConfigurationList;
			buildConfigurations = (
				645D78A7204344160093B00C /* Debug */,
				645D78A8204344160093B00C /* Release */,
			);
			defaultConfigurationIsVisible = 0;
			defaultConfigurationName = Release;
		};
/* End XCConfigurationList section */
	};
	rootObject = 645D788C204344160093B00C /* Project object */;
}
